
Microsoft Visual Studio Solution File, Format Version 12.00
# Visual Studio Version 17
VisualStudioVersion = 17.12.35514.174
MinimumVisualStudioVersion = 10.0.40219.1
Project("{FAE04EC0-301F-11D3-BF4B-00C04F79EFBC}") = "LeetCode.CSharp", "LeetCode\LeetCode.CSharp\LeetCode.CSharp.csproj", "{67B758B9-D3FE-404A-A16B-3FABC6BDB5F4}"
EndProject
Project("{FAE04EC0-301F-11D3-BF4B-00C04F79EFBC}") = "HackerRank.CSharp", "HackerRank\HackerRank.CSharp\HackerRank.CSharp.csproj", "{5AB11529-6570-492F-B491-0429FF5F2A55}"
EndProject
Global
	GlobalSection(SolutionConfigurationPlatforms) = preSolution
		Debug|Any CPU = Debug|Any CPU
		Release|Any CPU = Release|Any CPU
	EndGlobalSection
	GlobalSection(ProjectConfigurationPlatforms) = postSolution
		{67B758B9-D3FE-404A-A16B-3FABC6BDB5F4}.Debug|Any CPU.ActiveCfg = Debug|Any CPU
		{67B758B9-D3FE-404A-A16B-3FABC6BDB5F4}.Debug|Any CPU.Build.0 = Debug|Any CPU
		{67B758B9-D3FE-404A-A16B-3FABC6BDB5F4}.Release|Any CPU.ActiveCfg = Release|Any CPU
		{67B758B9-D3FE-404A-A16B-3FABC6BDB5F4}.Release|Any CPU.Build.0 = Release|Any CPU
		{5AB11529-6570-492F-B491-0429FF5F2A55}.Debug|Any CPU.ActiveCfg = Debug|Any CPU
		{5AB11529-6570-492F-B491-0429FF5F2A55}.Debug|Any CPU.Build.0 = Debug|Any CPU
		{5AB11529-6570-492F-B491-0429FF5F2A55}.Release|Any CPU.ActiveCfg = Release|Any CPU
		{5AB11529-6570-492F-B491-0429FF5F2A55}.Release|Any CPU.Build.0 = Release|Any CPU
	EndGlobalSection
	GlobalSection(SolutionProperties) = preSolution
		HideSolutionNode = FALSE
	EndGlobalSection
EndGlobal
